{
  "name": "examples",
  "version": "1.0.0",
  "lockfileVersion": 2,
  "requires": true,
  "packages": {
    "": {
      "name": "examples",
      "version": "1.0.0",
      "license": "ISC",
      "dependencies": {
        "lykdat": "^0.0.1"
      }
    },
    "node_modules/lykdat": {
      "version": "0.0.1",
      "resolved": "https://registry.npmjs.org/lykdat/-/lykdat-0.0.1.tgz",
      "integrity": "sha512-z4MEWHAGvb16bFcE5ETAfW96rQ9tbNhl/qvXbVO13CIsL9RpT8AVUu54Fk1dcB/0TfPHL4T+YfuuGnjwsk4tyA=="
    }
  },
  "dependencies": {
    "lykdat": {
      "version": "0.0.1",
      "resolved": "https://registry.npmjs.org/lykdat/-/lykdat-0.0.1.tgz",
      "integrity": "sha512-z4MEWHAGvb16bFcE5ETAfW96rQ9tbNhl/qvXbVO13CIsL9RpT8AVUu54Fk1dcB/0TfPHL4T+YfuuGnjwsk4tyA=="
    }
  }
}
