{
  "name": "examples",
  "version": "1.0.0",
  "lockfileVersion": 2,
  "requires": true,
  "packages": {
    "": {
      "name": "examples",
      "version": "1.0.0",
      "license": "ISC",
      "dependencies": {
        "lykdat": "^0.0.6"
      }
    },
    "node_modules/lykdat": {
      "version": "0.0.6",
      "resolved": "https://registry.npmjs.org/lykdat/-/lykdat-0.0.6.tgz",
      "integrity": "sha512-e+S8gt4iy/CDlcsrDFsuYrL4aR1sTsuMf8P4QRWXBMtNAUSNiCQtKTTj2ixVqKjeL9/QtBjTtwU1+HOwtY9MgQ=="
    }
  },
  "dependencies": {
    "lykdat": {
      "version": "0.0.6",
      "resolved": "https://registry.npmjs.org/lykdat/-/lykdat-0.0.6.tgz",
      "integrity": "sha512-e+S8gt4iy/CDlcsrDFsuYrL4aR1sTsuMf8P4QRWXBMtNAUSNiCQtKTTj2ixVqKjeL9/QtBjTtwU1+HOwtY9MgQ=="
    }
  }
}
